// !$*UTF8*$!
{
	archiveVersion = 1;
	classes = {
	};
	objectVersion = 48;
	objects = {

/* Begin PBXBuildFile section */
		E60963AF1FFCBC4A00ECB423 /* AppDelegate.swift in Sources */ = {isa = PBXBuildFile; fileRef = E60963AE1FFCBC4A00ECB423 /* AppDelegate.swift */; };
		E60963B11FFCBC4A00ECB423 /* ViewController.swift in Sources */ = {isa = PBXBuildFile; fileRef = E60963B01FFCBC4A00ECB423 /* ViewController.swift */; };
		E60963B31FFCBC4A00ECB423 /* Assets.xcassets in Resources */ = {isa = PBXBuildFile; fileRef = E60963B21FFCBC4A00ECB423 /* Assets.xcassets */; };
		E60963B61FFCBC4A00ECB423 /* Main.storyboard in Resources */ = {isa = PBXBuildFile; fileRef = E60963B41FFCBC4A00ECB423 /* Main.storyboard */; };
		E60963BF1FFCBCBD00ECB423 /* BTCentral.swift in Sources */ = {isa = PBXBuildFile; fileRef = E60963BE1FFCBCBD00ECB423 /* BTCentral.swift */; };
		E60963C11FFCBCE500ECB423 /* BluetoothInfoDelegate.swift in Sources */ = {isa = PBXBuildFile; fileRef = E60963C01FFCBCE500ECB423 /* BluetoothInfoDelegate.swift */; };
/* End PBXBuildFile section */

/* Begin PBXFileReference section */
		E60963AB1FFCBC4A00ECB423 /* BluetoothGateway.app */ = {isa = PBXFileReference; explicitFileType = wrapper.application; includeInIndex = 0; path = BluetoothGateway.app; sourceTree = BUILT_PRODUCTS_DIR; };
		E60963AE1FFCBC4A00ECB423 /* AppDelegate.swift */ = {isa = PBXFileReference; lastKnownFileType = sourcecode.swift; path = AppDelegate.swift; sourceTree = "<group>"; };
		E60963B01FFCBC4A00ECB423 /* ViewController.swift */ = {isa = PBXFileReference; lastKnownFileType = sourcecode.swift; path = ViewController.swift; sourceTree = "<group>"; };
		E60963B21FFCBC4A00ECB423 /* Assets.xcassets */ = {isa = PBXFileReference; lastKnownFileType = folder.assetcatalog; path = Assets.xcassets; sourceTree = "<group>"; };
		E60963B51FFCBC4A00ECB423 /* Base */ = {isa = PBXFileReference; lastKnownFileType = file.storyboard; name = Base; path = Base.lproj/Main.storyboard; sourceTree = "<group>"; };
		E60963B71FFCBC4A00ECB423 /* Info.plist */ = {isa = PBXFileReference; lastKnownFileType = text.plist.xml; path = Info.plist; sourceTree = "<group>"; };
		E60963B81FFCBC4A00ECB423 /* BluetoothGateway.entitlements */ = {isa = PBXFileReference; lastKnownFileType = text.plist.entitlements; path = BluetoothGateway.entitlements; sourceTree = "<group>"; };
		E60963BE1FFCBCBD00ECB423 /* BTCentral.swift */ = {isa = PBXFileReference; lastKnownFileType = sourcecode.swift; path = BTCentral.swift; sourceTree = "<group>"; };
		E60963C01FFCBCE500ECB423 /* BluetoothInfoDelegate.swift */ = {isa = PBXFileReference; lastKnownFileType = sourcecode.swift; path = BluetoothInfoDelegate.swift; sourceTree = "<group>"; };
/* End PBXFileReference section */

/* Begin PBXFrameworksBuildPhase section */
		E60963A81FFCBC4A00ECB423 /* Frameworks */ = {
			isa = PBXFrameworksBuildPhase;
			buildActionMask = 2147483647;
			files = (
			);
			runOnlyForDeploymentPostprocessing = 0;
		};
/* End PBXFrameworksBuildPhase section */

/* Begin PBXGroup section */
		E60963A21FFCBC4A00ECB423 = {
			isa = PBXGroup;
			children = (
				E60963AD1FFCBC4A00ECB423 /* BluetoothGateway */,
				E60963AC1FFCBC4A00ECB423 /* Products */,
			);
			sourceTree = "<group>";
		};
		E60963AC1FFCBC4A00ECB423 /* Products */ = {
			isa = PBXGroup;
			children = (
				E60963AB1FFCBC4A00ECB423 /* BluetoothGateway.app */,
			);
			name = Products;
			sourceTree = "<group>";
		};
		E60963AD1FFCBC4A00ECB423 /* BluetoothGateway */ = {
			isa = PBXGroup;
			children = (
				E60963AE1FFCBC4A00ECB423 /* AppDelegate.swift */,
				E60963B01FFCBC4A00ECB423 /* ViewController.swift */,
				E60963B21FFCBC4A00ECB423 /* Assets.xcassets */,
				E60963B41FFCBC4A00ECB423 /* Main.storyboard */,
				E60963B71FFCBC4A00ECB423 /* Info.plist */,
				E60963B81FFCBC4A00ECB423 /* BluetoothGateway.entitlements */,
				E60963BE1FFCBCBD00ECB423 /* BTCentral.swift */,
				E60963C01FFCBCE500ECB423 /* BluetoothInfoDelegate.swift */,
			);
			path = BluetoothGateway;
			sourceTree = "<group>";
		};
/* End PBXGroup section */

/* Begin PBXNativeTarget section */
		E60963AA1FFCBC4A00ECB423 /* BluetoothGateway */ = {
			isa = PBXNativeTarget;
			buildConfigurationList = E60963BB1FFCBC4A00ECB423 /* Build configuration list for PBXNativeTarget "BluetoothGateway" */;
			buildPhases = (
				E60963A71FFCBC4A00ECB423 /* Sources */,
				E60963A81FFCBC4A00ECB423 /* Frameworks */,
				E60963A91FFCBC4A00ECB423 /* Resources */,
			);
			buildRules = (
			);
			dependencies = (
			);
			name = BluetoothGateway;
			productName = BluetoothGateway;
			productReference = E60963AB1FFCBC4A00ECB423 /* BluetoothGateway.app */;
			productType = "com.apple.product-type.application";
		};
/* End PBXNativeTarget section */

/* Begin PBXProject section */
		E60963A31FFCBC4A00ECB423 /* Project object */ = {
			isa = PBXProject;
			attributes = {
				LastSwiftUpdateCheck = 0920;
				LastUpgradeCheck = 0920;
				ORGANIZATIONNAME = "Yairi Lab";
				TargetAttributes = {
					E60963AA1FFCBC4A00ECB423 = {
						CreatedOnToolsVersion = 9.2;
						ProvisioningStyle = Automatic;
					};
				};
			};
			buildConfigurationList = E60963A61FFCBC4A00ECB423 /* Build configuration list for PBXProject "BluetoothGateway" */;
			compatibilityVersion = "Xcode 8.0";
			developmentRegion = en;
			hasScannedForEncodings = 0;
			knownRegions = (
				en,
				Base,
			);
			mainGroup = E60963A21FFCBC4A00ECB423;
			productRefGroup = E60963AC1FFCBC4A00ECB423 /* Products */;
			projectDirPath = "";
			projectRoot = "";
			targets = (
				E60963AA1FFCBC4A00ECB423 /* BluetoothGateway */,
			);
		};
/* End PBXProject section */

/* Begin PBXResourcesBuildPhase section */
		E60963A91FFCBC4A00ECB423 /* Resources */ = {
			isa = PBXResourcesBuildPhase;
			buildActionMask = 2147483647;
			files = (
				E60963B31FFCBC4A00ECB423 /* Assets.xcassets in Resources */,
				E60963B61FFCBC4A00ECB423 /* Main.storyboard in Resources */,
			);
			runOnlyForDeploymentPostprocessing = 0;
		};
/* End PBXResourcesBuildPhase section */

/* Begin PBXSourcesBuildPhase section */
		E60963A71FFCBC4A00ECB423 /* Sources */ = {
			isa = PBXSourcesBuildPhase;
			buildActionMask = 2147483647;
			files = (
				E60963B11FFCBC4A00ECB423 /* ViewController.swift in Sources */,
				E60963AF1FFCBC4A00ECB423 /* AppDelegate.swift in Sources */,
				E60963BF1FFCBCBD00ECB423 /* BTCentral.swift in Sources */,
				E60963C11FFCBCE500ECB423 /* BluetoothInfoDelegate.swift in Sources */,
			);
			runOnlyForDeploymentPostprocessing = 0;
		};
/* End PBXSourcesBuildPhase section */

/* Begin PBXVariantGroup section */
		E60963B41FFCBC4A00ECB423 /* Main.storyboard */ = {
			isa = PBXVariantGroup;
			children = (
				E60963B51FFCBC4A00ECB423 /* Base */,
			);
			name = Main.storyboard;
			sourceTree = "<group>";
		};
/* End PBXVariantGroup section */

/* Begin XCBuildConfiguration section */
		E60963B91FFCBC4A00ECB423 /* Debug */ = {
			isa = XCBuildConfiguration;
			buildSettings = {
				ALWAYS_SEARCH_USER_PATHS = NO;
				CLANG_ANALYZER_NONNULL = YES;
				CLANG_ANALYZER_NUMBER_OBJECT_CONVERSION = YES_AGGRESSIVE;
				CLANG_CXX_LANGUAGE_STANDARD = "gnu++14";
				CLANG_CXX_LIBRARY = "libc++";
				CLANG_ENABLE_MODULES = YES;
				CLANG_ENABLE_OBJC_ARC = YES;
				CLANG_WARN_BLOCK_CAPTURE_AUTORELEASING = YES;
				CLANG_WARN_BOOL_CONVERSION = YES;
				CLANG_WARN_COMMA = YES;
				CLANG_WARN_CONSTANT_CONVERSION = YES;
				CLANG_WARN_DIRECT_OBJC_ISA_USAGE = YES_ERROR;
				CLANG_WARN_DOCUMENTATION_COMMENTS = YES;
				CLANG_WARN_EMPTY_BODY = YES;
				CLANG_WARN_ENUM_CONVERSION = YES;
				CLANG_WARN_INFINITE_RECURSION = YES;
				CLANG_WARN_INT_CONVERSION = YES;
				CLANG_WARN_NON_LITERAL_NULL_CONVERSION = YES;
				CLANG_WARN_OBJC_LITERAL_CONVERSION = YES;
				CLANG_WARN_OBJC_ROOT_CLASS = YES_ERROR;
				CLANG_WARN_RANGE_LOOP_ANALYSIS = YES;
				CLANG_WARN_STRICT_PROTOTYPES = YES;
				CLANG_WARN_SUSPICIOUS_MOVE = YES;
				CLANG_WARN_UNGUARDED_AVAILABILITY = YES_AGGRESSIVE;
				CLANG_WARN_UNREACHABLE_CODE = YES;
				CLANG_WARN__DUPLICATE_METHOD_MATCH = YES;
				CODE_SIGN_IDENTITY = "Mac Developer";
				COPY_PHASE_STRIP = NO;
				DEBUG_INFORMATION_FORMAT = dwarf;
				ENABLE_STRICT_OBJC_MSGSEND = YES;
				ENABLE_TESTABILITY = YES;
				GCC_C_LANGUAGE_STANDARD = gnu11;
				GCC_DYNAMIC_NO_PIC = NO;
				GCC_NO_COMMON_BLOCKS = YES;
				GCC_OPTIMIZATION_LEVEL = 0;
				GCC_PREPROCESSOR_DEFINITIONS = (
					"DEBUG=1",
					"$(inherited)",
				);
				GCC_WARN_64_TO_32_BIT_CONVERSION = YES;
				GCC_WARN_ABOUT_RETURN_TYPE = YES_ERROR;
				GCC_WARN_UNDECLARED_SELECTOR = YES;
				GCC_WARN_UNINITIALIZED_AUTOS = YES_AGGRESSIVE;
				GCC_WARN_UNUSED_FUNCTION = YES;
				GCC_WARN_UNUSED_VARIABLE = YES;
				MACOSX_DEPLOYMENT_TARGET = 10.13;
				MTL_ENABLE_DEBUG_INFO = YES;
				ONLY_ACTIVE_ARCH = YES;
				SDKROOT = macosx;
				SWIFT_ACTIVE_COMPILATION_CONDITIONS = DEBUG;
				SWIFT_OPTIMIZATION_LEVEL = "-Onone";
			};
			name = Debug;
		};
		E60963BA1FFCBC4A00ECB423 /* Release */ = {
			isa = XCBuildConfiguration;
			buildSettings = {
				ALWAYS_SEARCH_USER_PATHS = NO;
				CLANG_ANALYZER_NONNULL = YES;
				CLANG_ANALYZER_NUMBER_OBJECT_CONVERSION = YES_AGGRESSIVE;
				CLANG_CXX_LANGUAGE_STANDARD = "gnu++14";
				CLANG_CXX_LIBRARY = "libc++";
				CLANG_ENABLE_MODULES = YES;
				CLANG_ENABLE_OBJC_ARC = YES;
				CLANG_WARN_BLOCK_CAPTURE_AUTORELEASING = YES;
				CLANG_WARN_BOOL_CONVERSION = YES;
				CLANG_WARN_COMMA = YES;
				CLANG_WARN_CONSTANT_CONVERSION = YES;
				CLANG_WARN_DIRECT_OBJC_ISA_USAGE = YES_ERROR;
				CLANG_WARN_DOCUMENTATION_COMMENTS = YES;
				CLANG_WARN_EMPTY_BODY = YES;
				CLANG_WARN_ENUM_CONVERSION = YES;
				CLANG_WARN_INFINITE_RECURSION = YES;
				CLANG_WARN_INT_CONVERSION = YES;
				CLANG_WARN_NON_LITERAL_NULL_CONVERSION = YES;
				CLANG_WARN_OBJC_LITERAL_CONVERSION = YES;
				CLANG_WARN_OBJC_ROOT_CLASS = YES_ERROR;
				CLANG_WARN_RANGE_LOOP_ANALYSIS = YES;
				CLANG_WARN_STRICT_PROTOTYPES = YES;
				CLANG_WARN_SUSPICIOUS_MOVE = YES;
				CLANG_WARN_UNGUARDED_AVAILABILITY = YES_AGGRESSIVE;
				CLANG_WARN_UNREACHABLE_CODE = YES;
				CLANG_WARN__DUPLICATE_METHOD_MATCH = YES;
				CODE_SIGN_IDENTITY = "Mac Developer";
				COPY_PHASE_STRIP = NO;
				DEBUG_INFORMATION_FORMAT = "dwarf-with-dsym";
				ENABLE_NS_ASSERTIONS = NO;
				ENABLE_STRICT_OBJC_MSGSEND = YES;
				GCC_C_LANGUAGE_STANDARD = gnu11;
				GCC_NO_COMMON_BLOCKS = YES;
				GCC_WARN_64_TO_32_BIT_CONVERSION = YES;
				GCC_WARN_ABOUT_RETURN_TYPE = YES_ERROR;
				GCC_WARN_UNDECLARED_SELECTOR = YES;
				GCC_WARN_UNINITIALIZED_AUTOS = YES_AGGRESSIVE;
				GCC_WARN_UNUSED_FUNCTION = YES;
				GCC_WARN_UNUSED_VARIABLE = YES;
				MACOSX_DEPLOYMENT_TARGET = 10.13;
				MTL_ENABLE_DEBUG_INFO = NO;
				SDKROOT = macosx;
				SWIFT_OPTIMIZATION_LEVEL = "-Owholemodule";
			};
			name = Release;
		};
		E60963BC1FFCBC4A00ECB423 /* Debug */ = {
			isa = XCBuildConfiguration;
			buildSettings = {
				ASSETCATALOG_COMPILER_APPICON_NAME = AppIcon;
				CODE_SIGN_ENTITLEMENTS = BluetoothGateway/BluetoothGateway.entitlements;
				CODE_SIGN_STYLE = Automatic;
				COMBINE_HIDPI_IMAGES = YES;
				DEVELOPMENT_TEAM = 4F63X9G64X;
				INFOPLIST_FILE = BluetoothGateway/Info.plist;
				LD_RUNPATH_SEARCH_PATHS = "$(inherited) @executable_path/../Frameworks";
				PRODUCT_BUNDLE_IDENTIFIER = net.yairilab.BluetoothGateway;
				PRODUCT_NAME = "$(TARGET_NAME)";
				SWIFT_VERSION = 4.0;
			};
			name = Debug;
		};
		E60963BD1FFCBC4A00ECB423 /* Release */ = {
			isa = XCBuildConfiguration;
			buildSettings = {
				ASSETCATALOG_COMPILER_APPICON_NAME = AppIcon;
				CODE_SIGN_ENTITLEMENTS = BluetoothGateway/BluetoothGateway.entitlements;
				CODE_SIGN_STYLE = Automatic;
				COMBINE_HIDPI_IMAGES = YES;
				DEVELOPMENT_TEAM = 4F63X9G64X;
				INFOPLIST_FILE = BluetoothGateway/Info.plist;
				LD_RUNPATH_SEARCH_PATHS = "$(inherited) @executable_path/../Frameworks";
				PRODUCT_BUNDLE_IDENTIFIER = net.yairilab.BluetoothGateway;
				PRODUCT_NAME = "$(TARGET_NAME)";
				SWIFT_VERSION = 4.0;
			};
			name = Release;
		};
/* End XCBuildConfiguration section */

/* Begin XCConfigurationList section */
		E60963A61FFCBC4A00ECB423 /* Build configuration list for PBXProject "BluetoothGateway" */ = {
			isa = XCConfigurationList;
			buildConfigurations = (
				E60963B91FFCBC4A00ECB423 /* Debug */,
				E60963BA1FFCBC4A00ECB423 /* Release */,
			);
			defaultConfigurationIsVisible = 0;
			defaultConfigurationName = Release;
		};
		E60963BB1FFCBC4A00ECB423 /* Build configuration list for PBXNativeTarget "BluetoothGateway" */ = {
			isa = XCConfigurationList;
			buildConfigurations = (
				E60963BC1FFCBC4A00ECB423 /* Debug */,
				E60963BD1FFCBC4A00ECB423 /* Release */,
			);
			defaultConfigurationIsVisible = 0;
			defaultConfigurationName = Release;
		};
/* End XCConfigurationList section */
	};
	rootObject = E60963A31FFCBC4A00ECB423 /* Project object */;
}
